
Microsoft Visual Studio Solution File, Format Version 11.00
# Visual Studio 2010
Project("{FAE04EC0-301F-11D3-BF4B-00C04F79EFBC}") = "SketchfabExporterforSW", "SketchfabExporterforSW\SketchfabExporterforSW.csproj", "{BDF9D249-D42F-41FC-AC8B-E8B09C1BFCBE}"
EndProject
Project("{FAE04EC0-301F-11D3-BF4B-00C04F79EFBC}") = "SketchfabPublisher", "..\SketchfabPublisher\SketchfabPublisher.csproj", "{49CFCA01-C453-4474-8C18-A7ED07051B62}"
EndProject
Global
	GlobalSection(SolutionConfigurationPlatforms) = preSolution
		Debug|Any CPU = Debug|Any CPU
		Release|Any CPU = Release|Any CPU
	EndGlobalSection
	GlobalSection(ProjectConfigurationPlatforms) = postSolution
		{BDF9D249-D42F-41FC-AC8B-E8B09C1BFCBE}.Debug|Any CPU.ActiveCfg = Debug|Any CPU
		{BDF9D249-D42F-41FC-AC8B-E8B09C1BFCBE}.Debug|Any CPU.Build.0 = Debug|Any CPU
		{BDF9D249-D42F-41FC-AC8B-E8B09C1BFCBE}.Release|Any CPU.ActiveCfg = Release|Any CPU
		{BDF9D249-D42F-41FC-AC8B-E8B09C1BFCBE}.Release|Any CPU.Build.0 = Release|Any CPU
		{49CFCA01-C453-4474-8C18-A7ED07051B62}.Debug|Any CPU.ActiveCfg = Debug|Any CPU
		{49CFCA01-C453-4474-8C18-A7ED07051B62}.Debug|Any CPU.Build.0 = Debug|Any CPU
		{49CFCA01-C453-4474-8C18-A7ED07051B62}.Release|Any CPU.ActiveCfg = Release|Any CPU
		{49CFCA01-C453-4474-8C18-A7ED07051B62}.Release|Any CPU.Build.0 = Release|Any CPU
	EndGlobalSection
	GlobalSection(SolutionProperties) = preSolution
		HideSolutionNode = FALSE
	EndGlobalSection
EndGlobal
